{
    "name": "echarts-demo",
    "version": "1.0.0",
    "lockfileVersion": 1,
    "requires": true,
    "dependencies": {
        "echarts": {
            "version": "5.1.1",
            "resolved": "https://registry.nlark.com/echarts/download/echarts-5.1.1.tgz",
            "integrity": "sha1-sYbxYvAXxVXP1nsS7eZ2K9w939o=",
            "dev": true,
            "requires": {
                "tslib": "2.0.3",
                "zrender": "5.1.0"
            }
        },
        "tslib": {
            "version": "2.0.3",
            "resolved": "https://registry.npm.taobao.org/tslib/download/tslib-2.0.3.tgz?cache=0&sync_timestamp=1617647281845&other_urls=https%3A%2F%2Fregistry.npm.taobao.org%2Ftslib%2Fdownload%2Ftslib-2.0.3.tgz",
            "integrity": "sha1-jgdBrEX8DCJuWKF7/D5kubxsphw=",
            "dev": true
        },
        "zrender": {
            "version": "5.1.0",
            "resolved": "https://registry.npm.taobao.org/zrender/download/zrender-5.1.0.tgz",
            "integrity": "sha1-tqhMOqfMxmQu4FGZAcpMCDXE2F4=",
            "dev": true,
            "requires": {
                "tslib": "2.0.3"
            }
        }
    }
}
